
Microsoft Visual Studio Solution File, Format Version 12.00
# Visual Studio Version 17
VisualStudioVersion = 17.10.35122.118
MinimumVisualStudioVersion = 10.0.40219.1
Project("{FAE04EC0-301F-11D3-BF4B-00C04F79EFBC}") = "ReservadeVehiculos", "ReservadeVehiculos.csproj", "{6AE447AB-938A-4D5F-8CA9-1AEB0A50854E}"
EndProject
Global
	GlobalSection(SolutionConfigurationPlatforms) = preSolution
		Debug|Any CPU = Debug|Any CPU
		Release|Any CPU = Release|Any CPU
	EndGlobalSection
	GlobalSection(ProjectConfigurationPlatforms) = postSolution
		{6AE447AB-938A-4D5F-8CA9-1AEB0A50854E}.Debug|Any CPU.ActiveCfg = Debug|Any CPU
		{6AE447AB-938A-4D5F-8CA9-1AEB0A50854E}.Debug|Any CPU.Build.0 = Debug|Any CPU
		{6AE447AB-938A-4D5F-8CA9-1AEB0A50854E}.Release|Any CPU.ActiveCfg = Release|Any CPU
		{6AE447AB-938A-4D5F-8CA9-1AEB0A50854E}.Release|Any CPU.Build.0 = Release|Any CPU
	EndGlobalSection
	GlobalSection(SolutionProperties) = preSolution
		HideSolutionNode = FALSE
	EndGlobalSection
	GlobalSection(ExtensibilityGlobals) = postSolution
		SolutionGuid = {5B2C05AD-C9E2-485A-8E72-A43843EB9B9E}
	EndGlobalSection
EndGlobal
